
Microsoft Visual Studio Solution File, Format Version 12.00
# Visual Studio Version 16
VisualStudioVersion = 16.0.31624.102
MinimumVisualStudioVersion = 10.0.40219.1
Project("{888888A0-9F3D-457C-B088-3A5042F75D52}") = "second_2", "second_2\second_2.pyproj", "{26C2A6B9-273B-4703-AC80-97F64701D1B1}"
EndProject
Global
	GlobalSection(SolutionConfigurationPlatforms) = preSolution
		Debug|Any CPU = Debug|Any CPU
		Release|Any CPU = Release|Any CPU
	EndGlobalSection
	GlobalSection(ProjectConfigurationPlatforms) = postSolution
		{26C2A6B9-273B-4703-AC80-97F64701D1B1}.Debug|Any CPU.ActiveCfg = Debug|Any CPU
		{26C2A6B9-273B-4703-AC80-97F64701D1B1}.Release|Any CPU.ActiveCfg = Release|Any CPU
	EndGlobalSection
	GlobalSection(SolutionProperties) = preSolution
		HideSolutionNode = FALSE
	EndGlobalSection
	GlobalSection(ExtensibilityGlobals) = postSolution
		SolutionGuid = {8F6C6B19-647E-4405-B65E-40326D1F5C31}
	EndGlobalSection
EndGlobal
