
Microsoft Visual Studio Solution File, Format Version 12.00
# Visual Studio Version 16
VisualStudioVersion = 16.0.31624.102
MinimumVisualStudioVersion = 10.0.40219.1
Project("{888888A0-9F3D-457C-B088-3A5042F75D52}") = "second_1", "second_1\second_1.pyproj", "{DA25D0E0-8FE3-461F-8E7C-E4DBBF714DE1}"
EndProject
Global
	GlobalSection(SolutionConfigurationPlatforms) = preSolution
		Debug|Any CPU = Debug|Any CPU
		Release|Any CPU = Release|Any CPU
	EndGlobalSection
	GlobalSection(ProjectConfigurationPlatforms) = postSolution
		{DA25D0E0-8FE3-461F-8E7C-E4DBBF714DE1}.Debug|Any CPU.ActiveCfg = Debug|Any CPU
		{DA25D0E0-8FE3-461F-8E7C-E4DBBF714DE1}.Release|Any CPU.ActiveCfg = Release|Any CPU
	EndGlobalSection
	GlobalSection(SolutionProperties) = preSolution
		HideSolutionNode = FALSE
	EndGlobalSection
	GlobalSection(ExtensibilityGlobals) = postSolution
		SolutionGuid = {F934FE67-CF70-4A8E-B4BE-8A4DDC87BB31}
	EndGlobalSection
EndGlobal
